dependencies:
- name: argo-cd
  repository: https://argoproj.github.io/argo-helm
  version: 10.8.4
- name: gateway-route
  repository: file://../../../charts/gateway-route
  version: 1.0.0
- name: bitwarden-secret
  repository: file://../../../charts/bitwarden-secret
  version: 1.0.0
digest: sha256:8d77921160ee4547c067db25e8074268370e61fe74821578d875d59cf243afe8
generated: "2026-09-09T06:28:46.966199191Z"
