dependencies:
- name: argo-cd
  repository: https://argoproj.github.io/argo-helm
  version: 10.8.2
- name: gateway-route
  repository: file://../../../charts/gateway-route
  version: 1.0.0
- name: bitwarden-secret
  repository: file://../../../charts/bitwarden-secret
  version: 1.0.0
digest: sha256:467f7117597fb9cc03dc88a37c1ae036dc0811f3a62f88667568d2145fff11b0
generated: "2026-09-07T23:51:42.590881186Z"
